
Microsoft Visual Studio Solution File, Format Version 12.00
# Visual Studio Version 16
VisualStudioVersion = 16.0.30413.136
MinimumVisualStudioVersion = 10.0.40219.1
Project("{9A19103F-16F7-4668-BE54-9A1E7A4F7556}") = "helloworld", "helloworld\helloworld.csproj", "{AA5A742B-2D69-4AA2-8704-33FC6C8C826E}"
EndProject
Project("{9A19103F-16F7-4668-BE54-9A1E7A4F7556}") = "Listor och Arrayer", "Listor och Arrayer\Listor och Arrayer.csproj", "{75C6B3B3-27E1-437F-991B-74624D7DCA30}"
EndProject
Project("{9A19103F-16F7-4668-BE54-9A1E7A4F7556}") = "Metoder", "Metoder\Metoder.csproj", "{286562E6-4CE5-49CC-B409-412E4B43A250}"
EndProject
Project("{9A19103F-16F7-4668-BE54-9A1E7A4F7556}") = "OOPIntro", "OOPIntro\OOPIntro.csproj", "{738B8C70-5C46-4893-B312-027ECE107324}"
EndProject
Project("{FAE04EC0-301F-11D3-BF4B-00C04F79EFBC}") = "Labration 1 OOP", "Labration 1 OOP\Labration 1 OOP.csproj", "{8356B063-03BA-4B19-BDF0-2A349228D96A}"
EndProject
Global
	GlobalSection(SolutionConfigurationPlatforms) = preSolution
		Debug|Any CPU = Debug|Any CPU
		Release|Any CPU = Release|Any CPU
	EndGlobalSection
	GlobalSection(ProjectConfigurationPlatforms) = postSolution
		{AA5A742B-2D69-4AA2-8704-33FC6C8C826E}.Debug|Any CPU.ActiveCfg = Debug|Any CPU
		{AA5A742B-2D69-4AA2-8704-33FC6C8C826E}.Debug|Any CPU.Build.0 = Debug|Any CPU
		{AA5A742B-2D69-4AA2-8704-33FC6C8C826E}.Release|Any CPU.ActiveCfg = Release|Any CPU
		{AA5A742B-2D69-4AA2-8704-33FC6C8C826E}.Release|Any CPU.Build.0 = Release|Any CPU
		{75C6B3B3-27E1-437F-991B-74624D7DCA30}.Debug|Any CPU.ActiveCfg = Debug|Any CPU
		{75C6B3B3-27E1-437F-991B-74624D7DCA30}.Debug|Any CPU.Build.0 = Debug|Any CPU
		{75C6B3B3-27E1-437F-991B-74624D7DCA30}.Release|Any CPU.ActiveCfg = Release|Any CPU
		{75C6B3B3-27E1-437F-991B-74624D7DCA30}.Release|Any CPU.Build.0 = Release|Any CPU
		{286562E6-4CE5-49CC-B409-412E4B43A250}.Debug|Any CPU.ActiveCfg = Debug|Any CPU
		{286562E6-4CE5-49CC-B409-412E4B43A250}.Debug|Any CPU.Build.0 = Debug|Any CPU
		{286562E6-4CE5-49CC-B409-412E4B43A250}.Release|Any CPU.ActiveCfg = Release|Any CPU
		{286562E6-4CE5-49CC-B409-412E4B43A250}.Release|Any CPU.Build.0 = Release|Any CPU
		{738B8C70-5C46-4893-B312-027ECE107324}.Debug|Any CPU.ActiveCfg = Debug|Any CPU
		{738B8C70-5C46-4893-B312-027ECE107324}.Debug|Any CPU.Build.0 = Debug|Any CPU
		{738B8C70-5C46-4893-B312-027ECE107324}.Release|Any CPU.ActiveCfg = Release|Any CPU
		{738B8C70-5C46-4893-B312-027ECE107324}.Release|Any CPU.Build.0 = Release|Any CPU
		{8356B063-03BA-4B19-BDF0-2A349228D96A}.Debug|Any CPU.ActiveCfg = Debug|Any CPU
		{8356B063-03BA-4B19-BDF0-2A349228D96A}.Debug|Any CPU.Build.0 = Debug|Any CPU
		{8356B063-03BA-4B19-BDF0-2A349228D96A}.Release|Any CPU.ActiveCfg = Release|Any CPU
		{8356B063-03BA-4B19-BDF0-2A349228D96A}.Release|Any CPU.Build.0 = Release|Any CPU
	EndGlobalSection
	GlobalSection(SolutionProperties) = preSolution
		HideSolutionNode = FALSE
	EndGlobalSection
	GlobalSection(ExtensibilityGlobals) = postSolution
		SolutionGuid = {743D23CF-EC4C-411D-819A-06376ED1A2F6}
	EndGlobalSection
EndGlobal
